
Microsoft Visual Studio Solution File, Format Version 12.00
# Visual Studio Version 17
VisualStudioVersion = 17.6.33829.357
MinimumVisualStudioVersion = 10.0.40219.1
Project("{FAE04EC0-301F-11D3-BF4B-00C04F79EFBC}") = "BookCRUDAPIForAngular", "BookCRUDAPIForAngular\BookCRUDAPIForAngular.csproj", "{952B1628-B1C1-4542-A685-BCBB7044BEE9}"
EndProject
Global
	GlobalSection(SolutionConfigurationPlatforms) = preSolution
		Debug|Any CPU = Debug|Any CPU
		Release|Any CPU = Release|Any CPU
	EndGlobalSection
	GlobalSection(ProjectConfigurationPlatforms) = postSolution
		{952B1628-B1C1-4542-A685-BCBB7044BEE9}.Debug|Any CPU.ActiveCfg = Debug|Any CPU
		{952B1628-B1C1-4542-A685-BCBB7044BEE9}.Debug|Any CPU.Build.0 = Debug|Any CPU
		{952B1628-B1C1-4542-A685-BCBB7044BEE9}.Release|Any CPU.ActiveCfg = Release|Any CPU
		{952B1628-B1C1-4542-A685-BCBB7044BEE9}.Release|Any CPU.Build.0 = Release|Any CPU
	EndGlobalSection
	GlobalSection(SolutionProperties) = preSolution
		HideSolutionNode = FALSE
	EndGlobalSection
	GlobalSection(ExtensibilityGlobals) = postSolution
		SolutionGuid = {E911E6CC-F3F6-4C26-80BF-22A89EEC47D3}
	EndGlobalSection
EndGlobal
